
Microsoft Visual Studio Solution File, Format Version 12.00
# Visual Studio Version 16
VisualStudioVersion = 16.0.31624.102
MinimumVisualStudioVersion = 10.0.40219.1
Project("{9A19103F-16F7-4668-BE54-9A1E7A4F7556}") = "lab2", "lab2\lab2.csproj", "{2ED23411-B19A-46F5-A437-40DF7915A381}"
EndProject
Project("{9A19103F-16F7-4668-BE54-9A1E7A4F7556}") = "lab3", "lab3\lab3.csproj", "{A95003D1-3A7D-46F3-ADB4-27D14AB3D2F2}"
EndProject
Project("{9A19103F-16F7-4668-BE54-9A1E7A4F7556}") = "lab4", "lab4\lab4.csproj", "{94009EA0-5B24-4F73-9963-B08F1AF9F3BE}"
EndProject
Project("{FAE04EC0-301F-11D3-BF4B-00C04F79EFBC}") = "lab6", "lab6\lab6.csproj", "{DD0B8A1B-040B-4D2B-B1BF-A4FFCA4DAFDA}"
EndProject
Global
	GlobalSection(SolutionConfigurationPlatforms) = preSolution
		Debug|Any CPU = Debug|Any CPU
		Release|Any CPU = Release|Any CPU
	EndGlobalSection
	GlobalSection(ProjectConfigurationPlatforms) = postSolution
		{2ED23411-B19A-46F5-A437-40DF7915A381}.Debug|Any CPU.ActiveCfg = Debug|Any CPU
		{2ED23411-B19A-46F5-A437-40DF7915A381}.Debug|Any CPU.Build.0 = Debug|Any CPU
		{2ED23411-B19A-46F5-A437-40DF7915A381}.Release|Any CPU.ActiveCfg = Release|Any CPU
		{2ED23411-B19A-46F5-A437-40DF7915A381}.Release|Any CPU.Build.0 = Release|Any CPU
		{A95003D1-3A7D-46F3-ADB4-27D14AB3D2F2}.Debug|Any CPU.ActiveCfg = Debug|Any CPU
		{A95003D1-3A7D-46F3-ADB4-27D14AB3D2F2}.Debug|Any CPU.Build.0 = Debug|Any CPU
		{A95003D1-3A7D-46F3-ADB4-27D14AB3D2F2}.Release|Any CPU.ActiveCfg = Release|Any CPU
		{A95003D1-3A7D-46F3-ADB4-27D14AB3D2F2}.Release|Any CPU.Build.0 = Release|Any CPU
		{94009EA0-5B24-4F73-9963-B08F1AF9F3BE}.Debug|Any CPU.ActiveCfg = Debug|Any CPU
		{94009EA0-5B24-4F73-9963-B08F1AF9F3BE}.Debug|Any CPU.Build.0 = Debug|Any CPU
		{94009EA0-5B24-4F73-9963-B08F1AF9F3BE}.Release|Any CPU.ActiveCfg = Release|Any CPU
		{94009EA0-5B24-4F73-9963-B08F1AF9F3BE}.Release|Any CPU.Build.0 = Release|Any CPU
		{DD0B8A1B-040B-4D2B-B1BF-A4FFCA4DAFDA}.Debug|Any CPU.ActiveCfg = Debug|Any CPU
		{DD0B8A1B-040B-4D2B-B1BF-A4FFCA4DAFDA}.Debug|Any CPU.Build.0 = Debug|Any CPU
		{DD0B8A1B-040B-4D2B-B1BF-A4FFCA4DAFDA}.Release|Any CPU.ActiveCfg = Release|Any CPU
		{DD0B8A1B-040B-4D2B-B1BF-A4FFCA4DAFDA}.Release|Any CPU.Build.0 = Release|Any CPU
	EndGlobalSection
	GlobalSection(SolutionProperties) = preSolution
		HideSolutionNode = FALSE
	EndGlobalSection
	GlobalSection(ExtensibilityGlobals) = postSolution
		SolutionGuid = {2782A33A-D526-4C3B-930E-0A76E41A79AA}
	EndGlobalSection
EndGlobal
